
Microsoft Visual Studio Solution File, Format Version 12.00
# Visual Studio Version 17
VisualStudioVersion = 17.14.36811.4 d17.14
MinimumVisualStudioVersion = 10.0.40219.1
Project("{FAE04EC0-301F-11D3-BF4B-00C04F79EFBC}") = "Sample09M365Agent", "Sample09M365Agent\Sample09M365Agent.csproj", "{AB71CFA0-4BDF-5350-9B69-1B18C731958E}"
EndProject
Project("{A9E3F50B-275E-4AF7-ADCE-8BE12D41E305}") = "M365Agent", "M365Agent\M365Agent.atkproj", "{B069B3BD-F6BC-CC40-82AB-3FCC2EA50FDF}"
EndProject
Global
	GlobalSection(SolutionConfigurationPlatforms) = preSolution
		Debug|Any CPU = Debug|Any CPU
		Release|Any CPU = Release|Any CPU
	EndGlobalSection
	GlobalSection(ProjectConfigurationPlatforms) = postSolution
		{AB71CFA0-4BDF-5350-9B69-1B18C731958E}.Debug|Any CPU.ActiveCfg = Debug|Any CPU
		{AB71CFA0-4BDF-5350-9B69-1B18C731958E}.Debug|Any CPU.Build.0 = Debug|Any CPU
		{AB71CFA0-4BDF-5350-9B69-1B18C731958E}.Release|Any CPU.ActiveCfg = Release|Any CPU
		{AB71CFA0-4BDF-5350-9B69-1B18C731958E}.Release|Any CPU.Build.0 = Release|Any CPU
		{B069B3BD-F6BC-CC40-82AB-3FCC2EA50FDF}.Debug|Any CPU.ActiveCfg = Debug|Any CPU
		{B069B3BD-F6BC-CC40-82AB-3FCC2EA50FDF}.Debug|Any CPU.Build.0 = Debug|Any CPU
		{B069B3BD-F6BC-CC40-82AB-3FCC2EA50FDF}.Debug|Any CPU.Deploy.0 = Debug|Any CPU
		{B069B3BD-F6BC-CC40-82AB-3FCC2EA50FDF}.Release|Any CPU.ActiveCfg = Release|Any CPU
		{B069B3BD-F6BC-CC40-82AB-3FCC2EA50FDF}.Release|Any CPU.Build.0 = Release|Any CPU
		{B069B3BD-F6BC-CC40-82AB-3FCC2EA50FDF}.Release|Any CPU.Deploy.0 = Release|Any CPU
	EndGlobalSection
	GlobalSection(SolutionProperties) = preSolution
		HideSolutionNode = FALSE
	EndGlobalSection
	GlobalSection(ExtensibilityGlobals) = postSolution
		SolutionGuid = {4837726F-5B91-49EE-8291-C40EB3195555}
	EndGlobalSection
EndGlobal
